// !$*UTF8*$!
{
	archiveVersion = 1;
	classes = {
	};
	objectVersion = 46;
	objects = {

/* Begin PBXBuildFile section */
		551016891CB7EDAE001ECE4C /* HomeViewController.m in Sources */ = {isa = PBXBuildFile; fileRef = 551016881CB7EDAE001ECE4C /* HomeViewController.m */; };
		552827FD1CBE7212005CBB28 /* iPad.storyboard in Resources */ = {isa = PBXBuildFile; fileRef = 552827FC1CBE7212005CBB28 /* iPad.storyboard */; };
		552828041CBE74E2005CBB28 /* Interface.storyboard in Resources */ = {isa = PBXBuildFile; fileRef = 552828021CBE74E2005CBB28 /* Interface.storyboard */; };
		552828061CBE74E2005CBB28 /* Assets.xcassets in Resources */ = {isa = PBXBuildFile; fileRef = 552828051CBE74E2005CBB28 /* Assets.xcassets */; };
		5528280D1CBE74E2005CBB28 /* ToDoWatch Extension.appex in Embed App Extensions */ = {isa = PBXBuildFile; fileRef = 5528280C1CBE74E2005CBB28 /* ToDoWatch Extension.appex */; settings = {ATTRIBUTES = (RemoveHeadersOnCopy, ); }; };
		552828151CBE74E2005CBB28 /* InterfaceController.m in Sources */ = {isa = PBXBuildFile; fileRef = 552828141CBE74E2005CBB28 /* InterfaceController.m */; };
		552828181CBE74E2005CBB28 /* ExtensionDelegate.m in Sources */ = {isa = PBXBuildFile; fileRef = 552828171CBE74E2005CBB28 /* ExtensionDelegate.m */; };
		5528281B1CBE74E2005CBB28 /* NotificationController.m in Sources */ = {isa = PBXBuildFile; fileRef = 5528281A1CBE74E2005CBB28 /* NotificationController.m */; };
		5528281D1CBE74E2005CBB28 /* Assets.xcassets in Resources */ = {isa = PBXBuildFile; fileRef = 5528281C1CBE74E2005CBB28 /* Assets.xcassets */; };
		552828211CBE74E2005CBB28 /* ToDoWatch.app in Embed Watch Content */ = {isa = PBXBuildFile; fileRef = 552828001CBE74E2005CBB28 /* ToDoWatch.app */; };
		553852CE1CEC87FE004AABB4 /* MenuView.m in Sources */ = {isa = PBXBuildFile; fileRef = 553852CD1CEC87FE004AABB4 /* MenuView.m */; };
		553852D01CEC8852004AABB4 /* MenuView.xib in Resources */ = {isa = PBXBuildFile; fileRef = 553852CF1CEC8852004AABB4 /* MenuView.xib */; };
		554812D81CEF20E5007D86FA /* StatisticsViewController.m in Sources */ = {isa = PBXBuildFile; fileRef = 554812D71CEF20E5007D86FA /* StatisticsViewController.m */; };
		554812DB1CEF2A8A007D86FA /* TaskDetailsViewController.m in Sources */ = {isa = PBXBuildFile; fileRef = 554812DA1CEF2A8A007D86FA /* TaskDetailsViewController.m */; };
		554812DF1CEF37AA007D86FA /* DataManager.m in Sources */ = {isa = PBXBuildFile; fileRef = 554812DE1CEF37AA007D86FA /* DataManager.m */; };
		554812E31CEF3F59007D86FA /* UIViewController+Utilities.m in Sources */ = {isa = PBXBuildFile; fileRef = 554812E21CEF3F59007D86FA /* UIViewController+Utilities.m */; };
		554812E51CEF4F59007D86FA /* MapKit.framework in Frameworks */ = {isa = PBXBuildFile; fileRef = 554812E41CEF4F59007D86FA /* MapKit.framework */; };
		55644CE91CC1179F0003FEBA /* TaskTableViewCell.m in Sources */ = {isa = PBXBuildFile; fileRef = 55644CE81CC1179F0003FEBA /* TaskTableViewCell.m */; };
		55773BCB1CCE3D210022F7A8 /* WalkthroughCollectionViewCell.m in Sources */ = {isa = PBXBuildFile; fileRef = 55773BCA1CCE3D210022F7A8 /* WalkthroughCollectionViewCell.m */; };
		55773BCE1CCE438A0022F7A8 /* WalkthroughItem.m in Sources */ = {isa = PBXBuildFile; fileRef = 55773BCD1CCE438A0022F7A8 /* WalkthroughItem.m */; };
		55B702631CCA5E0B00DF34B1 /* CoreData.framework in Frameworks */ = {isa = PBXBuildFile; fileRef = 55B702621CCA5E0B00DF34B1 /* CoreData.framework */; };
		55B702651CCA5E7000DF34B1 /* QuartzCore.framework in Frameworks */ = {isa = PBXBuildFile; fileRef = 55B702641CCA5E7000DF34B1 /* QuartzCore.framework */; };
		55DE9C411CE9F380009366E2 /* Task+CoreDataProperties.m in Sources */ = {isa = PBXBuildFile; fileRef = 55DE9C3E1CE9F380009366E2 /* Task+CoreDataProperties.m */; };
		55DE9C421CE9F380009366E2 /* Task.m in Sources */ = {isa = PBXBuildFile; fileRef = 55DE9C401CE9F380009366E2 /* Task.m */; };
		55DE9C451CEA017C009366E2 /* WebViewController.m in Sources */ = {isa = PBXBuildFile; fileRef = 55DE9C441CEA017C009366E2 /* WebViewController.m */; };
		55E330101CCA524300F44B7D /* WalkthroughViewController.m in Sources */ = {isa = PBXBuildFile; fileRef = 55E3300F1CCA524300F44B7D /* WalkthroughViewController.m */; };
		55F89A421CAC061300E22A60 /* LoginViewController.m in Sources */ = {isa = PBXBuildFile; fileRef = 55F89A411CAC061300E22A60 /* LoginViewController.m */; };
		55F89A451CAC08C900E22A60 /* SignUpViewController.m in Sources */ = {isa = PBXBuildFile; fileRef = 55F89A441CAC08C900E22A60 /* SignUpViewController.m */; };
		55FBDDC51CA9672C00968230 /* main.m in Sources */ = {isa = PBXBuildFile; fileRef = 55FBDDC41CA9672C00968230 /* main.m */; };
		55FBDDC81CA9672C00968230 /* AppDelegate.m in Sources */ = {isa = PBXBuildFile; fileRef = 55FBDDC71CA9672C00968230 /* AppDelegate.m */; };
		55FBDDCB1CA9672C00968230 /* ViewController.m in Sources */ = {isa = PBXBuildFile; fileRef = 55FBDDCA1CA9672C00968230 /* ViewController.m */; };
		55FBDDCE1CA9672C00968230 /* Main.storyboard in Resources */ = {isa = PBXBuildFile; fileRef = 55FBDDCC1CA9672C00968230 /* Main.storyboard */; };
		55FBDDD11CA9672C00968230 /* ToDo.xcdatamodeld in Sources */ = {isa = PBXBuildFile; fileRef = 55FBDDCF1CA9672C00968230 /* ToDo.xcdatamodeld */; };
		55FBDDD31CA9672C00968230 /* Assets.xcassets in Resources */ = {isa = PBXBuildFile; fileRef = 55FBDDD21CA9672C00968230 /* Assets.xcassets */; };
		55FBDDD61CA9672C00968230 /* LaunchScreen.storyboard in Resources */ = {isa = PBXBuildFile; fileRef = 55FBDDD41CA9672C00968230 /* LaunchScreen.storyboard */; };
		55FBDDE31CA974D100968230 /* CoreLocation.framework in Frameworks */ = {isa = PBXBuildFile; fileRef = 55FBDDE21CA974D100968230 /* CoreLocation.framework */; };
		55FC421C1CF33D23006A4D90 /* Helpers.m in Sources */ = {isa = PBXBuildFile; fileRef = 55FC421B1CF33D23006A4D90 /* Helpers.m */; };
/* End PBXBuildFile section */

/* Begin PBXContainerItemProxy section */
		5528280E1CBE74E2005CBB28 /* PBXContainerItemProxy */ = {
			isa = PBXContainerItemProxy;
			containerPortal = 55FBDDB81CA9672C00968230 /* Project object */;
			proxyType = 1;
			remoteGlobalIDString = 5528280B1CBE74E2005CBB28;
			remoteInfo = "ToDoWatch Extension";
		};
		5528281F1CBE74E2005CBB28 /* PBXContainerItemProxy */ = {
			isa = PBXContainerItemProxy;
			containerPortal = 55FBDDB81CA9672C00968230 /* Project object */;
			proxyType = 1;
			remoteGlobalIDString = 552827FF1CBE74E2005CBB28;
			remoteInfo = ToDoWatch;
		};
/* End PBXContainerItemProxy section */

/* Begin PBXCopyFilesBuildPhase section */
		552828251CBE74E2005CBB28 /* Embed App Extensions */ = {
			isa = PBXCopyFilesBuildPhase;
			buildActionMask = 2147483647;
			dstPath = "";
			dstSubfolderSpec = 13;
			files = (
				5528280D1CBE74E2005CBB28 /* ToDoWatch Extension.appex in Embed App Extensions */,
			);
			name = "Embed App Extensions";
			runOnlyForDeploymentPostprocessing = 0;
		};
		552828291CBE74E2005CBB28 /* Embed Watch Content */ = {
			isa = PBXCopyFilesBuildPhase;
			buildActionMask = 2147483647;
			dstPath = "$(CONTENTS_FOLDER_PATH)/Watch";
			dstSubfolderSpec = 16;
			files = (
				552828211CBE74E2005CBB28 /* ToDoWatch.app in Embed Watch Content */,
			);
			name = "Embed Watch Content";
			runOnlyForDeploymentPostprocessing = 0;
		};
/* End PBXCopyFilesBuildPhase section */

/* Begin PBXFileReference section */
		551016871CB7EDAE001ECE4C /* HomeViewController.h */ = {isa = PBXFileReference; fileEncoding = 4; lastKnownFileType = sourcecode.c.h; path = HomeViewController.h; sourceTree = "<group>"; };
		551016881CB7EDAE001ECE4C /* HomeViewController.m */ = {isa = PBXFileReference; fileEncoding = 4; lastKnownFileType = sourcecode.c.objc; path = HomeViewController.m; sourceTree = "<group>"; };
		552827FC1CBE7212005CBB28 /* iPad.storyboard */ = {isa = PBXFileReference; fileEncoding = 4; lastKnownFileType = file.storyboard; name = iPad.storyboard; path = ../iPad.storyboard; sourceTree = "<group>"; };
		552828001CBE74E2005CBB28 /* ToDoWatch.app */ = {isa = PBXFileReference; explicitFileType = wrapper.application; includeInIndex = 0; path = ToDoWatch.app; sourceTree = BUILT_PRODUCTS_DIR; };
		552828031CBE74E2005CBB28 /* Base */ = {isa = PBXFileReference; lastKnownFileType = file.storyboard; name = Base; path = Base.lproj/Interface.storyboard; sourceTree = "<group>"; };
		552828051CBE74E2005CBB28 /* Assets.xcassets */ = {isa = PBXFileReference; lastKnownFileType = folder.assetcatalog; path = Assets.xcassets; sourceTree = "<group>"; };
		552828071CBE74E2005CBB28 /* Info.plist */ = {isa = PBXFileReference; lastKnownFileType = text.plist.xml; path = Info.plist; sourceTree = "<group>"; };
		5528280C1CBE74E2005CBB28 /* ToDoWatch Extension.appex */ = {isa = PBXFileReference; explicitFileType = "wrapper.app-extension"; includeInIndex = 0; path = "ToDoWatch Extension.appex"; sourceTree = BUILT_PRODUCTS_DIR; };
		552828121CBE74E2005CBB28 /* PushNotificationPayload.apns */ = {isa = PBXFileReference; lastKnownFileType = text; path = PushNotificationPayload.apns; sourceTree = "<group>"; };
		552828131CBE74E2005CBB28 /* InterfaceController.h */ = {isa = PBXFileReference; lastKnownFileType = sourcecode.c.h; path = InterfaceController.h; sourceTree = "<group>"; };
		552828141CBE74E2005CBB28 /* InterfaceController.m */ = {isa = PBXFileReference; lastKnownFileType = sourcecode.c.objc; path = InterfaceController.m; sourceTree = "<group>"; };
		552828161CBE74E2005CBB28 /* ExtensionDelegate.h */ = {isa = PBXFileReference; lastKnownFileType = sourcecode.c.h; path = ExtensionDelegate.h; sourceTree = "<group>"; };
		552828171CBE74E2005CBB28 /* ExtensionDelegate.m */ = {isa = PBXFileReference; lastKnownFileType = sourcecode.c.objc; path = ExtensionDelegate.m; sourceTree = "<group>"; };
		552828191CBE74E2005CBB28 /* NotificationController.h */ = {isa = PBXFileReference; lastKnownFileType = sourcecode.c.h; path = NotificationController.h; sourceTree = "<group>"; };
		5528281A1CBE74E2005CBB28 /* NotificationController.m */ = {isa = PBXFileReference; lastKnownFileType = sourcecode.c.objc; path = NotificationController.m; sourceTree = "<group>"; };
		5528281C1CBE74E2005CBB28 /* Assets.xcassets */ = {isa = PBXFileReference; lastKnownFileType = folder.assetcatalog; path = Assets.xcassets; sourceTree = "<group>"; };
		5528281E1CBE74E2005CBB28 /* Info.plist */ = {isa = PBXFileReference; lastKnownFileType = text.plist.xml; path = Info.plist; sourceTree = "<group>"; };
		553852CC1CEC87FE004AABB4 /* MenuView.h */ = {isa = PBXFileReference; fileEncoding = 4; lastKnownFileType = sourcecode.c.h; path = MenuView.h; sourceTree = "<group>"; };
		553852CD1CEC87FE004AABB4 /* MenuView.m */ = {isa = PBXFileReference; fileEncoding = 4; lastKnownFileType = sourcecode.c.objc; path = MenuView.m; sourceTree = "<group>"; };
		553852CF1CEC8852004AABB4 /* MenuView.xib */ = {isa = PBXFileReference; fileEncoding = 4; lastKnownFileType = file.xib; path = MenuView.xib; sourceTree = "<group>"; };
		554812D61CEF20E5007D86FA /* StatisticsViewController.h */ = {isa = PBXFileReference; fileEncoding = 4; lastKnownFileType = sourcecode.c.h; path = StatisticsViewController.h; sourceTree = "<group>"; };
		554812D71CEF20E5007D86FA /* StatisticsViewController.m */ = {isa = PBXFileReference; fileEncoding = 4; lastKnownFileType = sourcecode.c.objc; path = StatisticsViewController.m; sourceTree = "<group>"; };
		554812D91CEF2A8A007D86FA /* TaskDetailsViewController.h */ = {isa = PBXFileReference; fileEncoding = 4; lastKnownFileType = sourcecode.c.h; path = TaskDetailsViewController.h; sourceTree = "<group>"; };
		554812DA1CEF2A8A007D86FA /* TaskDetailsViewController.m */ = {isa = PBXFileReference; fileEncoding = 4; lastKnownFileType = sourcecode.c.objc; path = TaskDetailsViewController.m; sourceTree = "<group>"; };
		554812DD1CEF37AA007D86FA /* DataManager.h */ = {isa = PBXFileReference; fileEncoding = 4; lastKnownFileType = sourcecode.c.h; path = DataManager.h; sourceTree = "<group>"; };
		554812DE1CEF37AA007D86FA /* DataManager.m */ = {isa = PBXFileReference; fileEncoding = 4; lastKnownFileType = sourcecode.c.objc; path = DataManager.m; sourceTree = "<group>"; };
		554812E01CEF3830007D86FA /* PrefixHeader.pch */ = {isa = PBXFileReference; lastKnownFileType = sourcecode.c.h; path = PrefixHeader.pch; sourceTree = "<group>"; };
		554812E11CEF3F59007D86FA /* UIViewController+Utilities.h */ = {isa = PBXFileReference; fileEncoding = 4; lastKnownFileType = sourcecode.c.h; path = "UIViewController+Utilities.h"; sourceTree = "<group>"; };
		554812E21CEF3F59007D86FA /* UIViewController+Utilities.m */ = {isa = PBXFileReference; fileEncoding = 4; lastKnownFileType = sourcecode.c.objc; path = "UIViewController+Utilities.m"; sourceTree = "<group>"; };
		554812E41CEF4F59007D86FA /* MapKit.framework */ = {isa = PBXFileReference; lastKnownFileType = wrapper.framework; name = MapKit.framework; path = System/Library/Frameworks/MapKit.framework; sourceTree = SDKROOT; };
		55644CE71CC1179F0003FEBA /* TaskTableViewCell.h */ = {isa = PBXFileReference; fileEncoding = 4; lastKnownFileType = sourcecode.c.h; path = TaskTableViewCell.h; sourceTree = "<group>"; };
		55644CE81CC1179F0003FEBA /* TaskTableViewCell.m */ = {isa = PBXFileReference; fileEncoding = 4; lastKnownFileType = sourcecode.c.objc; path = TaskTableViewCell.m; sourceTree = "<group>"; };
		55644CEA1CC1183E0003FEBA /* Constants.h */ = {isa = PBXFileReference; lastKnownFileType = sourcecode.c.h; path = Constants.h; sourceTree = "<group>"; };
		55773BC91CCE3D210022F7A8 /* WalkthroughCollectionViewCell.h */ = {isa = PBXFileReference; fileEncoding = 4; lastKnownFileType = sourcecode.c.h; path = WalkthroughCollectionViewCell.h; sourceTree = "<group>"; };
		55773BCA1CCE3D210022F7A8 /* WalkthroughCollectionViewCell.m */ = {isa = PBXFileReference; fileEncoding = 4; lastKnownFileType = sourcecode.c.objc; path = WalkthroughCollectionViewCell.m; sourceTree = "<group>"; };
		55773BCC1CCE438A0022F7A8 /* WalkthroughItem.h */ = {isa = PBXFileReference; fileEncoding = 4; lastKnownFileType = sourcecode.c.h; path = WalkthroughItem.h; sourceTree = "<group>"; };
		55773BCD1CCE438A0022F7A8 /* WalkthroughItem.m */ = {isa = PBXFileReference; fileEncoding = 4; lastKnownFileType = sourcecode.c.objc; path = WalkthroughItem.m; sourceTree = "<group>"; };
		55B702621CCA5E0B00DF34B1 /* CoreData.framework */ = {isa = PBXFileReference; lastKnownFileType = wrapper.framework; name = CoreData.framework; path = System/Library/Frameworks/CoreData.framework; sourceTree = SDKROOT; };
		55B702641CCA5E7000DF34B1 /* QuartzCore.framework */ = {isa = PBXFileReference; lastKnownFileType = wrapper.framework; name = QuartzCore.framework; path = System/Library/Frameworks/QuartzCore.framework; sourceTree = SDKROOT; };
		55DE9C3D1CE9F380009366E2 /* Task+CoreDataProperties.h */ = {isa = PBXFileReference; fileEncoding = 4; lastKnownFileType = sourcecode.c.h; path = "Task+CoreDataProperties.h"; sourceTree = "<group>"; };
		55DE9C3E1CE9F380009366E2 /* Task+CoreDataProperties.m */ = {isa = PBXFileReference; fileEncoding = 4; lastKnownFileType = sourcecode.c.objc; path = "Task+CoreDataProperties.m"; sourceTree = "<group>"; };
		55DE9C3F1CE9F380009366E2 /* Task.h */ = {isa = PBXFileReference; fileEncoding = 4; lastKnownFileType = sourcecode.c.h; path = Task.h; sourceTree = "<group>"; };
		55DE9C401CE9F380009366E2 /* Task.m */ = {isa = PBXFileReference; fileEncoding = 4; lastKnownFileType = sourcecode.c.objc; path = Task.m; sourceTree = "<group>"; };
		55DE9C431CEA017C009366E2 /* WebViewController.h */ = {isa = PBXFileReference; fileEncoding = 4; lastKnownFileType = sourcecode.c.h; path = WebViewController.h; sourceTree = "<group>"; };
		55DE9C441CEA017C009366E2 /* WebViewController.m */ = {isa = PBXFileReference; fileEncoding = 4; lastKnownFileType = sourcecode.c.objc; path = WebViewController.m; sourceTree = "<group>"; };
		55E3300E1CCA524300F44B7D /* WalkthroughViewController.h */ = {isa = PBXFileReference; fileEncoding = 4; lastKnownFileType = sourcecode.c.h; path = WalkthroughViewController.h; sourceTree = "<group>"; };
		55E3300F1CCA524300F44B7D /* WalkthroughViewController.m */ = {isa = PBXFileReference; fileEncoding = 4; lastKnownFileType = sourcecode.c.objc; path = WalkthroughViewController.m; sourceTree = "<group>"; };
		55F89A401CAC061300E22A60 /* LoginViewController.h */ = {isa = PBXFileReference; fileEncoding = 4; lastKnownFileType = sourcecode.c.h; path = LoginViewController.h; sourceTree = "<group>"; };
		55F89A411CAC061300E22A60 /* LoginViewController.m */ = {isa = PBXFileReference; fileEncoding = 4; lastKnownFileType = sourcecode.c.objc; path = LoginViewController.m; sourceTree = "<group>"; };
		55F89A431CAC08C900E22A60 /* SignUpViewController.h */ = {isa = PBXFileReference; fileEncoding = 4; lastKnownFileType = sourcecode.c.h; path = SignUpViewController.h; sourceTree = "<group>"; };
		55F89A441CAC08C900E22A60 /* SignUpViewController.m */ = {isa = PBXFileReference; fileEncoding = 4; lastKnownFileType = sourcecode.c.objc; path = SignUpViewController.m; sourceTree = "<group>"; };
		55FBDDC01CA9672C00968230 /* ToDo.app */ = {isa = PBXFileReference; explicitFileType = wrapper.application; includeInIndex = 0; path = ToDo.app; sourceTree = BUILT_PRODUCTS_DIR; };
		55FBDDC41CA9672C00968230 /* main.m */ = {isa = PBXFileReference; lastKnownFileType = sourcecode.c.objc; path = main.m; sourceTree = "<group>"; };
		55FBDDC61CA9672C00968230 /* AppDelegate.h */ = {isa = PBXFileReference; lastKnownFileType = sourcecode.c.h; path = AppDelegate.h; sourceTree = "<group>"; };
		55FBDDC71CA9672C00968230 /* AppDelegate.m */ = {isa = PBXFileReference; lastKnownFileType = sourcecode.c.objc; path = AppDelegate.m; sourceTree = "<group>"; };
		55FBDDC91CA9672C00968230 /* ViewController.h */ = {isa = PBXFileReference; lastKnownFileType = sourcecode.c.h; path = ViewController.h; sourceTree = "<group>"; };
		55FBDDCA1CA9672C00968230 /* ViewController.m */ = {isa = PBXFileReference; lastKnownFileType = sourcecode.c.objc; path = ViewController.m; sourceTree = "<group>"; };
		55FBDDCD1CA9672C00968230 /* Base */ = {isa = PBXFileReference; lastKnownFileType = file.storyboard; name = Base; path = Base.lproj/Main.storyboard; sourceTree = "<group>"; };
		55FBDDD01CA9672C00968230 /* ToDo.xcdatamodel */ = {isa = PBXFileReference; lastKnownFileType = wrapper.xcdatamodel; path = ToDo.xcdatamodel; sourceTree = "<group>"; };
		55FBDDD21CA9672C00968230 /* Assets.xcassets */ = {isa = PBXFileReference; lastKnownFileType = folder.assetcatalog; path = Assets.xcassets; sourceTree = "<group>"; };
		55FBDDD51CA9672C00968230 /* Base */ = {isa = PBXFileReference; lastKnownFileType = file.storyboard; name = Base; path = Base.lproj/LaunchScreen.storyboard; sourceTree = "<group>"; };
		55FBDDD71CA9672C00968230 /* Info.plist */ = {isa = PBXFileReference; lastKnownFileType = text.plist.xml; path = Info.plist; sourceTree = "<group>"; };
		55FBDDE21CA974D100968230 /* CoreLocation.framework */ = {isa = PBXFileReference; lastKnownFileType = wrapper.framework; name = CoreLocation.framework; path = System/Library/Frameworks/CoreLocation.framework; sourceTree = SDKROOT; };
		55FC421A1CF33D23006A4D90 /* Helpers.h */ = {isa = PBXFileReference; fileEncoding = 4; lastKnownFileType = sourcecode.c.h; path = Helpers.h; sourceTree = "<group>"; };
		55FC421B1CF33D23006A4D90 /* Helpers.m */ = {isa = PBXFileReference; fileEncoding = 4; lastKnownFileType = sourcecode.c.objc; path = Helpers.m; sourceTree = "<group>"; };
/* End PBXFileReference section */

/* Begin PBXFrameworksBuildPhase section */
		552828091CBE74E2005CBB28 /* Frameworks */ = {
			isa = PBXFrameworksBuildPhase;
			buildActionMask = 2147483647;
			files = (
			);
			runOnlyForDeploymentPostprocessing = 0;
		};
		55FBDDBD1CA9672C00968230 /* Frameworks */ = {
			isa = PBXFrameworksBuildPhase;
			buildActionMask = 2147483647;
			files = (
				55B702651CCA5E7000DF34B1 /* QuartzCore.framework in Frameworks */,
				55B702631CCA5E0B00DF34B1 /* CoreData.framework in Frameworks */,
				554812E51CEF4F59007D86FA /* MapKit.framework in Frameworks */,
				55FBDDE31CA974D100968230 /* CoreLocation.framework in Frameworks */,
			);
			runOnlyForDeploymentPostprocessing = 0;
		};
/* End PBXFrameworksBuildPhase section */

/* Begin PBXGroup section */
		552828011CBE74E2005CBB28 /* ToDoWatch */ = {
			isa = PBXGroup;
			children = (
				552828021CBE74E2005CBB28 /* Interface.storyboard */,
				552828051CBE74E2005CBB28 /* Assets.xcassets */,
				552828071CBE74E2005CBB28 /* Info.plist */,
			);
			path = ToDoWatch;
			sourceTree = "<group>";
		};
		552828101CBE74E2005CBB28 /* ToDoWatch Extension */ = {
			isa = PBXGroup;
			children = (
				552828131CBE74E2005CBB28 /* InterfaceController.h */,
				552828141CBE74E2005CBB28 /* InterfaceController.m */,
				552828161CBE74E2005CBB28 /* ExtensionDelegate.h */,
				552828171CBE74E2005CBB28 /* ExtensionDelegate.m */,
				552828191CBE74E2005CBB28 /* NotificationController.h */,
				5528281A1CBE74E2005CBB28 /* NotificationController.m */,
				5528281C1CBE74E2005CBB28 /* Assets.xcassets */,
				5528281E1CBE74E2005CBB28 /* Info.plist */,
				552828111CBE74E2005CBB28 /* Supporting Files */,
			);
			path = "ToDoWatch Extension";
			sourceTree = "<group>";
		};
		552828111CBE74E2005CBB28 /* Supporting Files */ = {
			isa = PBXGroup;
			children = (
				552828121CBE74E2005CBB28 /* PushNotificationPayload.apns */,
			);
			name = "Supporting Files";
			sourceTree = "<group>";
		};
		554812DC1CEF3757007D86FA /* Utilities */ = {
			isa = PBXGroup;
			children = (
				554812DD1CEF37AA007D86FA /* DataManager.h */,
				554812DE1CEF37AA007D86FA /* DataManager.m */,
				55FC421A1CF33D23006A4D90 /* Helpers.h */,
				55FC421B1CF33D23006A4D90 /* Helpers.m */,
			);
			name = Utilities;
			sourceTree = "<group>";
		};
		55FBDDB71CA9672C00968230 = {
			isa = PBXGroup;
			children = (
				55FBDDC21CA9672C00968230 /* ToDo */,
				552828011CBE74E2005CBB28 /* ToDoWatch */,
				552828101CBE74E2005CBB28 /* ToDoWatch Extension */,
				55FBDDE11CA96C5F00968230 /* Frameworks */,
				55FBDDC11CA9672C00968230 /* Products */,
			);
			sourceTree = "<group>";
		};
		55FBDDC11CA9672C00968230 /* Products */ = {
			isa = PBXGroup;
			children = (
				55FBDDC01CA9672C00968230 /* ToDo.app */,
				552828001CBE74E2005CBB28 /* ToDoWatch.app */,
				5528280C1CBE74E2005CBB28 /* ToDoWatch Extension.appex */,
			);
			name = Products;
			sourceTree = "<group>";
		};
		55FBDDC21CA9672C00968230 /* ToDo */ = {
			isa = PBXGroup;
			children = (
				554812DC1CEF3757007D86FA /* Utilities */,
				55FBDDDE1CA96BED00968230 /* Models */,
				55FBDDDF1CA96C2600968230 /* Views */,
				55FBDDE01CA96C3F00968230 /* Controllers */,
				55FBDDC31CA9672C00968230 /* Supporting Files */,
			);
			path = ToDo;
			sourceTree = "<group>";
		};
		55FBDDC31CA9672C00968230 /* Supporting Files */ = {
			isa = PBXGroup;
			children = (
				55FBDDDD1CA96B5900968230 /* Application Delegate */,
				55FBDDD21CA9672C00968230 /* Assets.xcassets */,
				55FBDDD71CA9672C00968230 /* Info.plist */,
				55FBDDC41CA9672C00968230 /* main.m */,
				554812E01CEF3830007D86FA /* PrefixHeader.pch */,
			);
			name = "Supporting Files";
			sourceTree = "<group>";
		};
		55FBDDDD1CA96B5900968230 /* Application Delegate */ = {
			isa = PBXGroup;
			children = (
				55FBDDC61CA9672C00968230 /* AppDelegate.h */,
				55FBDDC71CA9672C00968230 /* AppDelegate.m */,
			);
			name = "Application Delegate";
			sourceTree = "<group>";
		};
		55FBDDDE1CA96BED00968230 /* Models */ = {
			isa = PBXGroup;
			children = (
				55FBDDCF1CA9672C00968230 /* ToDo.xcdatamodeld */,
				55DE9C3D1CE9F380009366E2 /* Task+CoreDataProperties.h */,
				55DE9C3E1CE9F380009366E2 /* Task+CoreDataProperties.m */,
				55DE9C3F1CE9F380009366E2 /* Task.h */,
				55DE9C401CE9F380009366E2 /* Task.m */,
			);
			name = Models;
			sourceTree = "<group>";
		};
		55FBDDDF1CA96C2600968230 /* Views */ = {
			isa = PBXGroup;
			children = (
				55FBDDCC1CA9672C00968230 /* Main.storyboard */,
				55FBDDD41CA9672C00968230 /* LaunchScreen.storyboard */,
				552827FC1CBE7212005CBB28 /* iPad.storyboard */,
				553852CF1CEC8852004AABB4 /* MenuView.xib */,
				553852CC1CEC87FE004AABB4 /* MenuView.h */,
				553852CD1CEC87FE004AABB4 /* MenuView.m */,
			);
			name = Views;
			sourceTree = "<group>";
		};
		55FBDDE01CA96C3F00968230 /* Controllers */ = {
			isa = PBXGroup;
			children = (
				554812E11CEF3F59007D86FA /* UIViewController+Utilities.h */,
				554812E21CEF3F59007D86FA /* UIViewController+Utilities.m */,
				55644CEA1CC1183E0003FEBA /* Constants.h */,
				55FBDDC91CA9672C00968230 /* ViewController.h */,
				55FBDDCA1CA9672C00968230 /* ViewController.m */,
				55F89A401CAC061300E22A60 /* LoginViewController.h */,
				55F89A411CAC061300E22A60 /* LoginViewController.m */,
				551016871CB7EDAE001ECE4C /* HomeViewController.h */,
				551016881CB7EDAE001ECE4C /* HomeViewController.m */,
				554812D61CEF20E5007D86FA /* StatisticsViewController.h */,
				554812D71CEF20E5007D86FA /* StatisticsViewController.m */,
				554812D91CEF2A8A007D86FA /* TaskDetailsViewController.h */,
				554812DA1CEF2A8A007D86FA /* TaskDetailsViewController.m */,
				55F89A431CAC08C900E22A60 /* SignUpViewController.h */,
				55F89A441CAC08C900E22A60 /* SignUpViewController.m */,
				55DE9C431CEA017C009366E2 /* WebViewController.h */,
				55DE9C441CEA017C009366E2 /* WebViewController.m */,
				55644CE71CC1179F0003FEBA /* TaskTableViewCell.h */,
				55644CE81CC1179F0003FEBA /* TaskTableViewCell.m */,
				55E3300E1CCA524300F44B7D /* WalkthroughViewController.h */,
				55E3300F1CCA524300F44B7D /* WalkthroughViewController.m */,
				55773BC91CCE3D210022F7A8 /* WalkthroughCollectionViewCell.h */,
				55773BCA1CCE3D210022F7A8 /* WalkthroughCollectionViewCell.m */,
				55773BCC1CCE438A0022F7A8 /* WalkthroughItem.h */,
				55773BCD1CCE438A0022F7A8 /* WalkthroughItem.m */,
			);
			name = Controllers;
			sourceTree = "<group>";
		};
		55FBDDE11CA96C5F00968230 /* Frameworks */ = {
			isa = PBXGroup;
			children = (
				554812E41CEF4F59007D86FA /* MapKit.framework */,
				55B702641CCA5E7000DF34B1 /* QuartzCore.framework */,
				55B702621CCA5E0B00DF34B1 /* CoreData.framework */,
				55FBDDE21CA974D100968230 /* CoreLocation.framework */,
			);
			name = Frameworks;
			sourceTree = "<group>";
		};
/* End PBXGroup section */

/* Begin PBXNativeTarget section */
		552827FF1CBE74E2005CBB28 /* ToDoWatch */ = {
			isa = PBXNativeTarget;
			buildConfigurationList = 552828261CBE74E2005CBB28 /* Build configuration list for PBXNativeTarget "ToDoWatch" */;
			buildPhases = (
				552827FE1CBE74E2005CBB28 /* Resources */,
				552828251CBE74E2005CBB28 /* Embed App Extensions */,
			);
			buildRules = (
			);
			dependencies = (
				5528280F1CBE74E2005CBB28 /* PBXTargetDependency */,
			);
			name = ToDoWatch;
			productName = ToDoWatch;
			productReference = 552828001CBE74E2005CBB28 /* ToDoWatch.app */;
			productType = "com.apple.product-type.application.watchapp2";
		};
		5528280B1CBE74E2005CBB28 /* ToDoWatch Extension */ = {
			isa = PBXNativeTarget;
			buildConfigurationList = 552828221CBE74E2005CBB28 /* Build configuration list for PBXNativeTarget "ToDoWatch Extension" */;
			buildPhases = (
				552828081CBE74E2005CBB28 /* Sources */,
				552828091CBE74E2005CBB28 /* Frameworks */,
				5528280A1CBE74E2005CBB28 /* Resources */,
			);
			buildRules = (
			);
			dependencies = (
			);
			name = "ToDoWatch Extension";
			productName = "ToDoWatch Extension";
			productReference = 5528280C1CBE74E2005CBB28 /* ToDoWatch Extension.appex */;
			productType = "com.apple.product-type.watchkit2-extension";
		};
		55FBDDBF1CA9672C00968230 /* ToDo */ = {
			isa = PBXNativeTarget;
			buildConfigurationList = 55FBDDDA1CA9672C00968230 /* Build configuration list for PBXNativeTarget "ToDo" */;
			buildPhases = (
				55FBDDBC1CA9672C00968230 /* Sources */,
				55FBDDBD1CA9672C00968230 /* Frameworks */,
				55FBDDBE1CA9672C00968230 /* Resources */,
				552828291CBE74E2005CBB28 /* Embed Watch Content */,
			);
			buildRules = (
			);
			dependencies = (
				552828201CBE74E2005CBB28 /* PBXTargetDependency */,
			);
			name = ToDo;
			productName = ToDo;
			productReference = 55FBDDC01CA9672C00968230 /* ToDo.app */;
			productType = "com.apple.product-type.application";
		};
/* End PBXNativeTarget section */

/* Begin PBXProject section */
		55FBDDB81CA9672C00968230 /* Project object */ = {
			isa = PBXProject;
			attributes = {
				LastUpgradeCheck = 0720;
				ORGANIZATIONNAME = "Cubes School 6";
				TargetAttributes = {
					552827FF1CBE74E2005CBB28 = {
						CreatedOnToolsVersion = 7.3;
					};
					5528280B1CBE74E2005CBB28 = {
						CreatedOnToolsVersion = 7.3;
					};
					55FBDDBF1CA9672C00968230 = {
						CreatedOnToolsVersion = 7.2.1;
						SystemCapabilities = {
							com.apple.Maps.iOS = {
								enabled = 1;
							};
						};
					};
				};
			};
			buildConfigurationList = 55FBDDBB1CA9672C00968230 /* Build configuration list for PBXProject "ToDo" */;
			compatibilityVersion = "Xcode 3.2";
			developmentRegion = English;
			hasScannedForEncodings = 0;
			knownRegions = (
				en,
				Base,
			);
			mainGroup = 55FBDDB71CA9672C00968230;
			productRefGroup = 55FBDDC11CA9672C00968230 /* Products */;
			projectDirPath = "";
			projectRoot = "";
			targets = (
				55FBDDBF1CA9672C00968230 /* ToDo */,
				552827FF1CBE74E2005CBB28 /* ToDoWatch */,
				5528280B1CBE74E2005CBB28 /* ToDoWatch Extension */,
			);
		};
/* End PBXProject section */

/* Begin PBXResourcesBuildPhase section */
		552827FE1CBE74E2005CBB28 /* Resources */ = {
			isa = PBXResourcesBuildPhase;
			buildActionMask = 2147483647;
			files = (
				552828061CBE74E2005CBB28 /* Assets.xcassets in Resources */,
				552828041CBE74E2005CBB28 /* Interface.storyboard in Resources */,
			);
			runOnlyForDeploymentPostprocessing = 0;
		};
		5528280A1CBE74E2005CBB28 /* Resources */ = {
			isa = PBXResourcesBuildPhase;
			buildActionMask = 2147483647;
			files = (
				5528281D1CBE74E2005CBB28 /* Assets.xcassets in Resources */,
			);
			runOnlyForDeploymentPostprocessing = 0;
		};
		55FBDDBE1CA9672C00968230 /* Resources */ = {
			isa = PBXResourcesBuildPhase;
			buildActionMask = 2147483647;
			files = (
				552827FD1CBE7212005CBB28 /* iPad.storyboard in Resources */,
				55FBDDD61CA9672C00968230 /* LaunchScreen.storyboard in Resources */,
				553852D01CEC8852004AABB4 /* MenuView.xib in Resources */,
				55FBDDD31CA9672C00968230 /* Assets.xcassets in Resources */,
				55FBDDCE1CA9672C00968230 /* Main.storyboard in Resources */,
			);
			runOnlyForDeploymentPostprocessing = 0;
		};
/* End PBXResourcesBuildPhase section */

/* Begin PBXSourcesBuildPhase section */
		552828081CBE74E2005CBB28 /* Sources */ = {
			isa = PBXSourcesBuildPhase;
			buildActionMask = 2147483647;
			files = (
				552828181CBE74E2005CBB28 /* ExtensionDelegate.m in Sources */,
				552828151CBE74E2005CBB28 /* InterfaceController.m in Sources */,
				5528281B1CBE74E2005CBB28 /* NotificationController.m in Sources */,
			);
			runOnlyForDeploymentPostprocessing = 0;
		};
		55FBDDBC1CA9672C00968230 /* Sources */ = {
			isa = PBXSourcesBuildPhase;
			buildActionMask = 2147483647;
			files = (
				55DE9C421CE9F380009366E2 /* Task.m in Sources */,
				554812DB1CEF2A8A007D86FA /* TaskDetailsViewController.m in Sources */,
				55DE9C451CEA017C009366E2 /* WebViewController.m in Sources */,
				55FBDDCB1CA9672C00968230 /* ViewController.m in Sources */,
				55FBDDC81CA9672C00968230 /* AppDelegate.m in Sources */,
				55DE9C411CE9F380009366E2 /* Task+CoreDataProperties.m in Sources */,
				55F89A451CAC08C900E22A60 /* SignUpViewController.m in Sources */,
				55FC421C1CF33D23006A4D90 /* Helpers.m in Sources */,
				554812DF1CEF37AA007D86FA /* DataManager.m in Sources */,
				554812E31CEF3F59007D86FA /* UIViewController+Utilities.m in Sources */,
				55773BCB1CCE3D210022F7A8 /* WalkthroughCollectionViewCell.m in Sources */,
				55E330101CCA524300F44B7D /* WalkthroughViewController.m in Sources */,
				55FBDDC51CA9672C00968230 /* main.m in Sources */,
				55644CE91CC1179F0003FEBA /* TaskTableViewCell.m in Sources */,
				55FBDDD11CA9672C00968230 /* ToDo.xcdatamodeld in Sources */,
				551016891CB7EDAE001ECE4C /* HomeViewController.m in Sources */,
				55773BCE1CCE438A0022F7A8 /* WalkthroughItem.m in Sources */,
				55F89A421CAC061300E22A60 /* LoginViewController.m in Sources */,
				553852CE1CEC87FE004AABB4 /* MenuView.m in Sources */,
				554812D81CEF20E5007D86FA /* StatisticsViewController.m in Sources */,
			);
			runOnlyForDeploymentPostprocessing = 0;
		};
/* End PBXSourcesBuildPhase section */

/* Begin PBXTargetDependency section */
		5528280F1CBE74E2005CBB28 /* PBXTargetDependency */ = {
			isa = PBXTargetDependency;
			target = 5528280B1CBE74E2005CBB28 /* ToDoWatch Extension */;
			targetProxy = 5528280E1CBE74E2005CBB28 /* PBXContainerItemProxy */;
		};
		552828201CBE74E2005CBB28 /* PBXTargetDependency */ = {
			isa = PBXTargetDependency;
			target = 552827FF1CBE74E2005CBB28 /* ToDoWatch */;
			targetProxy = 5528281F1CBE74E2005CBB28 /* PBXContainerItemProxy */;
		};
/* End PBXTargetDependency section */

/* Begin PBXVariantGroup section */
		552828021CBE74E2005CBB28 /* Interface.storyboard */ = {
			isa = PBXVariantGroup;
			children = (
				552828031CBE74E2005CBB28 /* Base */,
			);
			name = Interface.storyboard;
			sourceTree = "<group>";
		};
		55FBDDCC1CA9672C00968230 /* Main.storyboard */ = {
			isa = PBXVariantGroup;
			children = (
				55FBDDCD1CA9672C00968230 /* Base */,
			);
			name = Main.storyboard;
			sourceTree = "<group>";
		};
		55FBDDD41CA9672C00968230 /* LaunchScreen.storyboard */ = {
			isa = PBXVariantGroup;
			children = (
				55FBDDD51CA9672C00968230 /* Base */,
			);
			name = LaunchScreen.storyboard;
			sourceTree = "<group>";
		};
/* End PBXVariantGroup section */

/* Begin XCBuildConfiguration section */
		552828231CBE74E2005CBB28 /* Debug */ = {
			isa = XCBuildConfiguration;
			buildSettings = {
				CLANG_ANALYZER_NONNULL = YES;
				INFOPLIST_FILE = "ToDoWatch Extension/Info.plist";
				LD_RUNPATH_SEARCH_PATHS = "$(inherited) @executable_path/Frameworks @executable_path/../../Frameworks";
				PRODUCT_BUNDLE_IDENTIFIER = rs.cubes.ToDo.watchkitapp.watchkitextension;
				PRODUCT_NAME = "${TARGET_NAME}";
				SDKROOT = watchos;
				SKIP_INSTALL = YES;
				TARGETED_DEVICE_FAMILY = 4;
				WATCHOS_DEPLOYMENT_TARGET = 2.2;
			};
			name = Debug;
		};
		552828241CBE74E2005CBB28 /* Release */ = {
			isa = XCBuildConfiguration;
			buildSettings = {
				CLANG_ANALYZER_NONNULL = YES;
				INFOPLIST_FILE = "ToDoWatch Extension/Info.plist";
				LD_RUNPATH_SEARCH_PATHS = "$(inherited) @executable_path/Frameworks @executable_path/../../Frameworks";
				PRODUCT_BUNDLE_IDENTIFIER = rs.cubes.ToDo.watchkitapp.watchkitextension;
				PRODUCT_NAME = "${TARGET_NAME}";
				SDKROOT = watchos;
				SKIP_INSTALL = YES;
				TARGETED_DEVICE_FAMILY = 4;
				WATCHOS_DEPLOYMENT_TARGET = 2.2;
			};
			name = Release;
		};
		552828271CBE74E2005CBB28 /* Debug */ = {
			isa = XCBuildConfiguration;
			buildSettings = {
				ASSETCATALOG_COMPILER_APPICON_NAME = AppIcon;
				CLANG_ANALYZER_NONNULL = YES;
				IBSC_MODULE = ToDoWatch_Extension;
				INFOPLIST_FILE = ToDoWatch/Info.plist;
				PRODUCT_BUNDLE_IDENTIFIER = rs.cubes.ToDo.watchkitapp;
				PRODUCT_NAME = "$(TARGET_NAME)";
				SDKROOT = watchos;
				SKIP_INSTALL = YES;
				TARGETED_DEVICE_FAMILY = 4;
				WATCHOS_DEPLOYMENT_TARGET = 2.2;
			};
			name = Debug;
		};
		552828281CBE74E2005CBB28 /* Release */ = {
			isa = XCBuildConfiguration;
			buildSettings = {
				ASSETCATALOG_COMPILER_APPICON_NAME = AppIcon;
				CLANG_ANALYZER_NONNULL = YES;
				IBSC_MODULE = ToDoWatch_Extension;
				INFOPLIST_FILE = ToDoWatch/Info.plist;
				PRODUCT_BUNDLE_IDENTIFIER = rs.cubes.ToDo.watchkitapp;
				PRODUCT_NAME = "$(TARGET_NAME)";
				SDKROOT = watchos;
				SKIP_INSTALL = YES;
				TARGETED_DEVICE_FAMILY = 4;
				WATCHOS_DEPLOYMENT_TARGET = 2.2;
			};
			name = Release;
		};
		55FBDDD81CA9672C00968230 /* Debug */ = {
			isa = XCBuildConfiguration;
			buildSettings = {
				ALWAYS_SEARCH_USER_PATHS = NO;
				CLANG_CXX_LANGUAGE_STANDARD = "gnu++0x";
				CLANG_CXX_LIBRARY = "libc++";
				CLANG_ENABLE_MODULES = YES;
				CLANG_ENABLE_OBJC_ARC = YES;
				CLANG_WARN_BOOL_CONVERSION = YES;
				CLANG_WARN_CONSTANT_CONVERSION = YES;
				CLANG_WARN_DIRECT_OBJC_ISA_USAGE = YES_ERROR;
				CLANG_WARN_EMPTY_BODY = YES;
				CLANG_WARN_ENUM_CONVERSION = YES;
				CLANG_WARN_INT_CONVERSION = YES;
				CLANG_WARN_OBJC_ROOT_CLASS = YES_ERROR;
				CLANG_WARN_UNREACHABLE_CODE = YES;
				CLANG_WARN__DUPLICATE_METHOD_MATCH = YES;
				"CODE_SIGN_IDENTITY[sdk=iphoneos*]" = "iPhone Developer";
				COPY_PHASE_STRIP = NO;
				DEBUG_INFORMATION_FORMAT = dwarf;
				ENABLE_STRICT_OBJC_MSGSEND = YES;
				ENABLE_TESTABILITY = YES;
				GCC_C_LANGUAGE_STANDARD = gnu99;
				GCC_DYNAMIC_NO_PIC = NO;
				GCC_NO_COMMON_BLOCKS = YES;
				GCC_OPTIMIZATION_LEVEL = 0;
				GCC_PREPROCESSOR_DEFINITIONS = (
					"DEBUG=1",
					"$(inherited)",
				);
				GCC_WARN_64_TO_32_BIT_CONVERSION = YES;
				GCC_WARN_ABOUT_RETURN_TYPE = YES_ERROR;
				GCC_WARN_UNDECLARED_SELECTOR = YES;
				GCC_WARN_UNINITIALIZED_AUTOS = YES_AGGRESSIVE;
				GCC_WARN_UNUSED_FUNCTION = YES;
				GCC_WARN_UNUSED_VARIABLE = YES;
				IPHONEOS_DEPLOYMENT_TARGET = 9.2;
				MTL_ENABLE_DEBUG_INFO = YES;
				ONLY_ACTIVE_ARCH = YES;
				SDKROOT = iphoneos;
			};
			name = Debug;
		};
		55FBDDD91CA9672C00968230 /* Release */ = {
			isa = XCBuildConfiguration;
			buildSettings = {
				ALWAYS_SEARCH_USER_PATHS = NO;
				CLANG_CXX_LANGUAGE_STANDARD = "gnu++0x";
				CLANG_CXX_LIBRARY = "libc++";
				CLANG_ENABLE_MODULES = YES;
				CLANG_ENABLE_OBJC_ARC = YES;
				CLANG_WARN_BOOL_CONVERSION = YES;
				CLANG_WARN_CONSTANT_CONVERSION = YES;
				CLANG_WARN_DIRECT_OBJC_ISA_USAGE = YES_ERROR;
				CLANG_WARN_EMPTY_BODY = YES;
				CLANG_WARN_ENUM_CONVERSION = YES;
				CLANG_WARN_INT_CONVERSION = YES;
				CLANG_WARN_OBJC_ROOT_CLASS = YES_ERROR;
				CLANG_WARN_UNREACHABLE_CODE = YES;
				CLANG_WARN__DUPLICATE_METHOD_MATCH = YES;
				"CODE_SIGN_IDENTITY[sdk=iphoneos*]" = "iPhone Developer";
				COPY_PHASE_STRIP = NO;
				DEBUG_INFORMATION_FORMAT = "dwarf-with-dsym";
				ENABLE_NS_ASSERTIONS = NO;
				ENABLE_STRICT_OBJC_MSGSEND = YES;
				GCC_C_LANGUAGE_STANDARD = gnu99;
				GCC_NO_COMMON_BLOCKS = YES;
				GCC_WARN_64_TO_32_BIT_CONVERSION = YES;
				GCC_WARN_ABOUT_RETURN_TYPE = YES_ERROR;
				GCC_WARN_UNDECLARED_SELECTOR = YES;
				GCC_WARN_UNINITIALIZED_AUTOS = YES_AGGRESSIVE;
				GCC_WARN_UNUSED_FUNCTION = YES;
				GCC_WARN_UNUSED_VARIABLE = YES;
				IPHONEOS_DEPLOYMENT_TARGET = 9.2;
				MTL_ENABLE_DEBUG_INFO = NO;
				SDKROOT = iphoneos;
				VALIDATE_PRODUCT = YES;
			};
			name = Release;
		};
		55FBDDDB1CA9672C00968230 /* Debug */ = {
			isa = XCBuildConfiguration;
			buildSettings = {
				ASSETCATALOG_COMPILER_APPICON_NAME = AppIcon;
				ASSETCATALOG_COMPILER_LAUNCHIMAGE_NAME = "Brand Assets";
				GCC_PREFIX_HEADER = $PROJECT_NAME/PrefixHeader.pch;
				INFOPLIST_FILE = ToDo/Info.plist;
				LD_RUNPATH_SEARCH_PATHS = "$(inherited) @executable_path/Frameworks";
				OTHER_LDFLAGS = "";
				PRODUCT_BUNDLE_IDENTIFIER = rs.cubes.ToDo;
				PRODUCT_NAME = "$(TARGET_NAME)";
				TARGETED_DEVICE_FAMILY = "1,2";
			};
			name = Debug;
		};
		55FBDDDC1CA9672C00968230 /* Release */ = {
			isa = XCBuildConfiguration;
			buildSettings = {
				ASSETCATALOG_COMPILER_APPICON_NAME = AppIcon;
				ASSETCATALOG_COMPILER_LAUNCHIMAGE_NAME = "Brand Assets";
				GCC_PREFIX_HEADER = $PROJECT_NAME/PrefixHeader.pch;
				INFOPLIST_FILE = ToDo/Info.plist;
				LD_RUNPATH_SEARCH_PATHS = "$(inherited) @executable_path/Frameworks";
				OTHER_LDFLAGS = "";
				PRODUCT_BUNDLE_IDENTIFIER = rs.cubes.ToDo;
				PRODUCT_NAME = "$(TARGET_NAME)";
				TARGETED_DEVICE_FAMILY = "1,2";
			};
			name = Release;
		};
/* End XCBuildConfiguration section */

/* Begin XCConfigurationList section */
		552828221CBE74E2005CBB28 /* Build configuration list for PBXNativeTarget "ToDoWatch Extension" */ = {
			isa = XCConfigurationList;
			buildConfigurations = (
				552828231CBE74E2005CBB28 /* Debug */,
				552828241CBE74E2005CBB28 /* Release */,
			);
			defaultConfigurationIsVisible = 0;
			defaultConfigurationName = Release;
		};
		552828261CBE74E2005CBB28 /* Build configuration list for PBXNativeTarget "ToDoWatch" */ = {
			isa = XCConfigurationList;
			buildConfigurations = (
				552828271CBE74E2005CBB28 /* Debug */,
				552828281CBE74E2005CBB28 /* Release */,
			);
			defaultConfigurationIsVisible = 0;
			defaultConfigurationName = Release;
		};
		55FBDDBB1CA9672C00968230 /* Build configuration list for PBXProject "ToDo" */ = {
			isa = XCConfigurationList;
			buildConfigurations = (
				55FBDDD81CA9672C00968230 /* Debug */,
				55FBDDD91CA9672C00968230 /* Release */,
			);
			defaultConfigurationIsVisible = 0;
			defaultConfigurationName = Release;
		};
		55FBDDDA1CA9672C00968230 /* Build configuration list for PBXNativeTarget "ToDo" */ = {
			isa = XCConfigurationList;
			buildConfigurations = (
				55FBDDDB1CA9672C00968230 /* Debug */,
				55FBDDDC1CA9672C00968230 /* Release */,
			);
			defaultConfigurationIsVisible = 0;
			defaultConfigurationName = Release;
		};
/* End XCConfigurationList section */

/* Begin XCVersionGroup section */
		55FBDDCF1CA9672C00968230 /* ToDo.xcdatamodeld */ = {
			isa = XCVersionGroup;
			children = (
				55FBDDD01CA9672C00968230 /* ToDo.xcdatamodel */,
			);
			currentVersion = 55FBDDD01CA9672C00968230 /* ToDo.xcdatamodel */;
			path = ToDo.xcdatamodeld;
			sourceTree = "<group>";
			versionGroupType = wrapper.xcdatamodel;
		};
/* End XCVersionGroup section */
	};
	rootObject = 55FBDDB81CA9672C00968230 /* Project object */;
}
